
Microsoft Visual Studio Solution File, Format Version 12.00
# Visual Studio 2013
VisualStudioVersion = 12.0.30723.0
MinimumVisualStudioVersion = 10.0.40219.1
Project("{FAE04EC0-301F-11D3-BF4B-00C04F79EFBC}") = "SyncTcpServer", "SyncTcpServer\SyncTcpServer.csproj", "{AF6E29A0-BBC7-4DE5-AB72-9080F55A1FB7}"
EndProject
Project("{FAE04EC0-301F-11D3-BF4B-00C04F79EFBC}") = "SyncTcpServer.Test", "SyncTcpServer.Test\SyncTcpServer.Test.csproj", "{3DC3634A-26F0-4D5A-9169-BFBDFA69C8FB}"
EndProject
Project("{FAE04EC0-301F-11D3-BF4B-00C04F79EFBC}") = "SyncTcpClient", "SyncTcpClient\SyncTcpClient.csproj", "{61CF9BC0-1CE9-49FB-AD15-9646B1723EC6}"
EndProject
Project("{FAE04EC0-301F-11D3-BF4B-00C04F79EFBC}") = "SyncTcpClient.Test", "SyncTcpClient.Test\SyncTcpClient.Test.csproj", "{7C456185-75F3-467F-9100-85A97A2E3244}"
EndProject
Project("{FAE04EC0-301F-11D3-BF4B-00C04F79EFBC}") = "SyncTcpClient.Android", "SyncTcpClient.Android\SyncTcpClient.Android.csproj", "{D45BBE34-3CE8-47D7-8245-B8F47EC9B50A}"
EndProject
Project("{FAE04EC0-301F-11D3-BF4B-00C04F79EFBC}") = "SyncTcpServer.Android", "SyncTcpServer.Android\SyncTcpServer.Android.csproj", "{27E9163F-09D6-498D-8CF9-96256FE555B8}"
EndProject
Project("{2150E333-8FDC-42A3-9474-1A3956D46DE8}") = "SyncTcp", "SyncTcp", "{C99EFAE0-B741-48BE-A3EC-D66FC61C239A}"
EndProject
Project("{2150E333-8FDC-42A3-9474-1A3956D46DE8}") = "AsyncTcp", "AsyncTcp", "{6E69BB14-90E4-42F5-AA9D-AA1190689F45}"
EndProject
Project("{FAE04EC0-301F-11D3-BF4B-00C04F79EFBC}") = "AsyncTcpServer", "AsyncTcpServer\AsyncTcpServer.csproj", "{6F17DF7E-C8C5-4DC8-A7B9-53C081DC5AC4}"
EndProject
Project("{FAE04EC0-301F-11D3-BF4B-00C04F79EFBC}") = "AsyncTcpServer.Test", "AsyncTcpServer.Test\AsyncTcpServer.Test.csproj", "{BFAB183F-B8C0-4660-9F80-75C130FD868D}"
EndProject
Project("{FAE04EC0-301F-11D3-BF4B-00C04F79EFBC}") = "AsyncTcpClient.Test", "AsyncTcpClient.Test\AsyncTcpClient.Test.csproj", "{D993E85C-3920-454D-B4CD-2E4C5B663CC4}"
EndProject
Project("{FAE04EC0-301F-11D3-BF4B-00C04F79EFBC}") = "AsyncTcpClient", "AsyncTcpClient\AsyncTcpClient.csproj", "{1D779733-E9C1-4E0F-84D4-1ECE9D77F4B3}"
EndProject
Project("{FAE04EC0-301F-11D3-BF4B-00C04F79EFBC}") = "AsyncTcpClient.Android", "AsyncTcpClient.Android\AsyncTcpClient.Android.csproj", "{05C6BD91-284F-4098-9FB6-477631FD21F7}"
EndProject
Project("{FAE04EC0-301F-11D3-BF4B-00C04F79EFBC}") = "AsyncTcpServer.Android", "AsyncTcpServer.Android\AsyncTcpServer.Android.csproj", "{A0C3F3B2-0AAC-4B3F-86C2-7D28A3E935F2}"
EndProject
Global
	GlobalSection(SolutionConfigurationPlatforms) = preSolution
		Debug|Any CPU = Debug|Any CPU
		Publish|Any CPU = Publish|Any CPU
		Release|Any CPU = Release|Any CPU
	EndGlobalSection
	GlobalSection(ProjectConfigurationPlatforms) = postSolution
		{AF6E29A0-BBC7-4DE5-AB72-9080F55A1FB7}.Debug|Any CPU.ActiveCfg = Debug|Any CPU
		{AF6E29A0-BBC7-4DE5-AB72-9080F55A1FB7}.Debug|Any CPU.Build.0 = Debug|Any CPU
		{AF6E29A0-BBC7-4DE5-AB72-9080F55A1FB7}.Publish|Any CPU.ActiveCfg = Publish|Any CPU
		{AF6E29A0-BBC7-4DE5-AB72-9080F55A1FB7}.Publish|Any CPU.Build.0 = Publish|Any CPU
		{AF6E29A0-BBC7-4DE5-AB72-9080F55A1FB7}.Release|Any CPU.ActiveCfg = Release|Any CPU
		{AF6E29A0-BBC7-4DE5-AB72-9080F55A1FB7}.Release|Any CPU.Build.0 = Release|Any CPU
		{3DC3634A-26F0-4D5A-9169-BFBDFA69C8FB}.Debug|Any CPU.ActiveCfg = Debug|Any CPU
		{3DC3634A-26F0-4D5A-9169-BFBDFA69C8FB}.Debug|Any CPU.Build.0 = Debug|Any CPU
		{3DC3634A-26F0-4D5A-9169-BFBDFA69C8FB}.Publish|Any CPU.ActiveCfg = Release|Any CPU
		{3DC3634A-26F0-4D5A-9169-BFBDFA69C8FB}.Publish|Any CPU.Build.0 = Release|Any CPU
		{3DC3634A-26F0-4D5A-9169-BFBDFA69C8FB}.Release|Any CPU.ActiveCfg = Release|Any CPU
		{3DC3634A-26F0-4D5A-9169-BFBDFA69C8FB}.Release|Any CPU.Build.0 = Release|Any CPU
		{61CF9BC0-1CE9-49FB-AD15-9646B1723EC6}.Debug|Any CPU.ActiveCfg = Debug|Any CPU
		{61CF9BC0-1CE9-49FB-AD15-9646B1723EC6}.Debug|Any CPU.Build.0 = Debug|Any CPU
		{61CF9BC0-1CE9-49FB-AD15-9646B1723EC6}.Publish|Any CPU.ActiveCfg = Publish|Any CPU
		{61CF9BC0-1CE9-49FB-AD15-9646B1723EC6}.Publish|Any CPU.Build.0 = Publish|Any CPU
		{61CF9BC0-1CE9-49FB-AD15-9646B1723EC6}.Release|Any CPU.ActiveCfg = Release|Any CPU
		{61CF9BC0-1CE9-49FB-AD15-9646B1723EC6}.Release|Any CPU.Build.0 = Release|Any CPU
		{7C456185-75F3-467F-9100-85A97A2E3244}.Debug|Any CPU.ActiveCfg = Debug|Any CPU
		{7C456185-75F3-467F-9100-85A97A2E3244}.Debug|Any CPU.Build.0 = Debug|Any CPU
		{7C456185-75F3-467F-9100-85A97A2E3244}.Publish|Any CPU.ActiveCfg = Release|Any CPU
		{7C456185-75F3-467F-9100-85A97A2E3244}.Publish|Any CPU.Build.0 = Release|Any CPU
		{7C456185-75F3-467F-9100-85A97A2E3244}.Release|Any CPU.ActiveCfg = Release|Any CPU
		{7C456185-75F3-467F-9100-85A97A2E3244}.Release|Any CPU.Build.0 = Release|Any CPU
		{D45BBE34-3CE8-47D7-8245-B8F47EC9B50A}.Debug|Any CPU.ActiveCfg = Debug|Any CPU
		{D45BBE34-3CE8-47D7-8245-B8F47EC9B50A}.Debug|Any CPU.Build.0 = Debug|Any CPU
		{D45BBE34-3CE8-47D7-8245-B8F47EC9B50A}.Publish|Any CPU.ActiveCfg = Release|Any CPU
		{D45BBE34-3CE8-47D7-8245-B8F47EC9B50A}.Publish|Any CPU.Build.0 = Release|Any CPU
		{D45BBE34-3CE8-47D7-8245-B8F47EC9B50A}.Release|Any CPU.ActiveCfg = Release|Any CPU
		{D45BBE34-3CE8-47D7-8245-B8F47EC9B50A}.Release|Any CPU.Build.0 = Release|Any CPU
		{27E9163F-09D6-498D-8CF9-96256FE555B8}.Debug|Any CPU.ActiveCfg = Debug|Any CPU
		{27E9163F-09D6-498D-8CF9-96256FE555B8}.Debug|Any CPU.Build.0 = Debug|Any CPU
		{27E9163F-09D6-498D-8CF9-96256FE555B8}.Publish|Any CPU.ActiveCfg = Release|Any CPU
		{27E9163F-09D6-498D-8CF9-96256FE555B8}.Publish|Any CPU.Build.0 = Release|Any CPU
		{27E9163F-09D6-498D-8CF9-96256FE555B8}.Release|Any CPU.ActiveCfg = Release|Any CPU
		{27E9163F-09D6-498D-8CF9-96256FE555B8}.Release|Any CPU.Build.0 = Release|Any CPU
		{6F17DF7E-C8C5-4DC8-A7B9-53C081DC5AC4}.Debug|Any CPU.ActiveCfg = Debug|Any CPU
		{6F17DF7E-C8C5-4DC8-A7B9-53C081DC5AC4}.Debug|Any CPU.Build.0 = Debug|Any CPU
		{6F17DF7E-C8C5-4DC8-A7B9-53C081DC5AC4}.Publish|Any CPU.ActiveCfg = Release|Any CPU
		{6F17DF7E-C8C5-4DC8-A7B9-53C081DC5AC4}.Publish|Any CPU.Build.0 = Release|Any CPU
		{6F17DF7E-C8C5-4DC8-A7B9-53C081DC5AC4}.Release|Any CPU.ActiveCfg = Release|Any CPU
		{6F17DF7E-C8C5-4DC8-A7B9-53C081DC5AC4}.Release|Any CPU.Build.0 = Release|Any CPU
		{BFAB183F-B8C0-4660-9F80-75C130FD868D}.Debug|Any CPU.ActiveCfg = Debug|Any CPU
		{BFAB183F-B8C0-4660-9F80-75C130FD868D}.Debug|Any CPU.Build.0 = Debug|Any CPU
		{BFAB183F-B8C0-4660-9F80-75C130FD868D}.Publish|Any CPU.ActiveCfg = Release|Any CPU
		{BFAB183F-B8C0-4660-9F80-75C130FD868D}.Publish|Any CPU.Build.0 = Release|Any CPU
		{BFAB183F-B8C0-4660-9F80-75C130FD868D}.Release|Any CPU.ActiveCfg = Release|Any CPU
		{BFAB183F-B8C0-4660-9F80-75C130FD868D}.Release|Any CPU.Build.0 = Release|Any CPU
		{D993E85C-3920-454D-B4CD-2E4C5B663CC4}.Debug|Any CPU.ActiveCfg = Debug|Any CPU
		{D993E85C-3920-454D-B4CD-2E4C5B663CC4}.Debug|Any CPU.Build.0 = Debug|Any CPU
		{D993E85C-3920-454D-B4CD-2E4C5B663CC4}.Publish|Any CPU.ActiveCfg = Release|Any CPU
		{D993E85C-3920-454D-B4CD-2E4C5B663CC4}.Publish|Any CPU.Build.0 = Release|Any CPU
		{D993E85C-3920-454D-B4CD-2E4C5B663CC4}.Release|Any CPU.ActiveCfg = Release|Any CPU
		{D993E85C-3920-454D-B4CD-2E4C5B663CC4}.Release|Any CPU.Build.0 = Release|Any CPU
		{1D779733-E9C1-4E0F-84D4-1ECE9D77F4B3}.Debug|Any CPU.ActiveCfg = Debug|Any CPU
		{1D779733-E9C1-4E0F-84D4-1ECE9D77F4B3}.Debug|Any CPU.Build.0 = Debug|Any CPU
		{1D779733-E9C1-4E0F-84D4-1ECE9D77F4B3}.Publish|Any CPU.ActiveCfg = Release|Any CPU
		{1D779733-E9C1-4E0F-84D4-1ECE9D77F4B3}.Publish|Any CPU.Build.0 = Release|Any CPU
		{1D779733-E9C1-4E0F-84D4-1ECE9D77F4B3}.Release|Any CPU.ActiveCfg = Release|Any CPU
		{1D779733-E9C1-4E0F-84D4-1ECE9D77F4B3}.Release|Any CPU.Build.0 = Release|Any CPU
		{05C6BD91-284F-4098-9FB6-477631FD21F7}.Debug|Any CPU.ActiveCfg = Debug|Any CPU
		{05C6BD91-284F-4098-9FB6-477631FD21F7}.Debug|Any CPU.Build.0 = Debug|Any CPU
		{05C6BD91-284F-4098-9FB6-477631FD21F7}.Publish|Any CPU.ActiveCfg = Release|Any CPU
		{05C6BD91-284F-4098-9FB6-477631FD21F7}.Publish|Any CPU.Build.0 = Release|Any CPU
		{05C6BD91-284F-4098-9FB6-477631FD21F7}.Release|Any CPU.ActiveCfg = Release|Any CPU
		{05C6BD91-284F-4098-9FB6-477631FD21F7}.Release|Any CPU.Build.0 = Release|Any CPU
		{A0C3F3B2-0AAC-4B3F-86C2-7D28A3E935F2}.Debug|Any CPU.ActiveCfg = Debug|Any CPU
		{A0C3F3B2-0AAC-4B3F-86C2-7D28A3E935F2}.Debug|Any CPU.Build.0 = Debug|Any CPU
		{A0C3F3B2-0AAC-4B3F-86C2-7D28A3E935F2}.Publish|Any CPU.ActiveCfg = Release|Any CPU
		{A0C3F3B2-0AAC-4B3F-86C2-7D28A3E935F2}.Publish|Any CPU.Build.0 = Release|Any CPU
		{A0C3F3B2-0AAC-4B3F-86C2-7D28A3E935F2}.Release|Any CPU.ActiveCfg = Release|Any CPU
		{A0C3F3B2-0AAC-4B3F-86C2-7D28A3E935F2}.Release|Any CPU.Build.0 = Release|Any CPU
	EndGlobalSection
	GlobalSection(SolutionProperties) = preSolution
		HideSolutionNode = FALSE
	EndGlobalSection
	GlobalSection(NestedProjects) = preSolution
		{AF6E29A0-BBC7-4DE5-AB72-9080F55A1FB7} = {C99EFAE0-B741-48BE-A3EC-D66FC61C239A}
		{3DC3634A-26F0-4D5A-9169-BFBDFA69C8FB} = {C99EFAE0-B741-48BE-A3EC-D66FC61C239A}
		{61CF9BC0-1CE9-49FB-AD15-9646B1723EC6} = {C99EFAE0-B741-48BE-A3EC-D66FC61C239A}
		{7C456185-75F3-467F-9100-85A97A2E3244} = {C99EFAE0-B741-48BE-A3EC-D66FC61C239A}
		{D45BBE34-3CE8-47D7-8245-B8F47EC9B50A} = {C99EFAE0-B741-48BE-A3EC-D66FC61C239A}
		{27E9163F-09D6-498D-8CF9-96256FE555B8} = {C99EFAE0-B741-48BE-A3EC-D66FC61C239A}
		{6F17DF7E-C8C5-4DC8-A7B9-53C081DC5AC4} = {6E69BB14-90E4-42F5-AA9D-AA1190689F45}
		{BFAB183F-B8C0-4660-9F80-75C130FD868D} = {6E69BB14-90E4-42F5-AA9D-AA1190689F45}
		{D993E85C-3920-454D-B4CD-2E4C5B663CC4} = {6E69BB14-90E4-42F5-AA9D-AA1190689F45}
		{1D779733-E9C1-4E0F-84D4-1ECE9D77F4B3} = {6E69BB14-90E4-42F5-AA9D-AA1190689F45}
		{05C6BD91-284F-4098-9FB6-477631FD21F7} = {6E69BB14-90E4-42F5-AA9D-AA1190689F45}
		{A0C3F3B2-0AAC-4B3F-86C2-7D28A3E935F2} = {6E69BB14-90E4-42F5-AA9D-AA1190689F45}
	EndGlobalSection
EndGlobal
