
Microsoft Visual Studio Solution File, Format Version 12.00
# Visual Studio 2013
VisualStudioVersion = 12.0.30723.0
MinimumVisualStudioVersion = 10.0.40219.1
Project("{FAE04EC0-301F-11D3-BF4B-00C04F79EFBC}") = "MvcApp", "MvcApp\MvcApp.csproj", "{C0C131A2-A998-45FB-91E0-104A0B68311C}"
EndProject
Project("{2150E333-8FDC-42A3-9474-1A3956D46DE8}") = "Server", "Server", "{6B0C1977-B6CA-4EFA-A774-36B03C44090F}"
EndProject
Project("{FAE04EC0-301F-11D3-BF4B-00C04F79EFBC}") = "Entity", "Entity\Entity.csproj", "{233B188E-A9E7-415F-A803-B8361A242F8B}"
EndProject
Project("{2150E333-8FDC-42A3-9474-1A3956D46DE8}") = "Client", "Client", "{76FEE78B-7103-4D94-8A58-8712675667F2}"
EndProject
Project("{FAE04EC0-301F-11D3-BF4B-00C04F79EFBC}") = "ConsoleApp", "ConsoleApp\ConsoleApp.csproj", "{85F4E549-713E-4B2E-8AC0-D5C40DE0FE65}"
EndProject
Global
	GlobalSection(SolutionConfigurationPlatforms) = preSolution
		Debug|Any CPU = Debug|Any CPU
		Release|Any CPU = Release|Any CPU
	EndGlobalSection
	GlobalSection(ProjectConfigurationPlatforms) = postSolution
		{C0C131A2-A998-45FB-91E0-104A0B68311C}.Debug|Any CPU.ActiveCfg = Debug|Any CPU
		{C0C131A2-A998-45FB-91E0-104A0B68311C}.Debug|Any CPU.Build.0 = Debug|Any CPU
		{C0C131A2-A998-45FB-91E0-104A0B68311C}.Release|Any CPU.ActiveCfg = Release|Any CPU
		{C0C131A2-A998-45FB-91E0-104A0B68311C}.Release|Any CPU.Build.0 = Release|Any CPU
		{233B188E-A9E7-415F-A803-B8361A242F8B}.Debug|Any CPU.ActiveCfg = Debug|Any CPU
		{233B188E-A9E7-415F-A803-B8361A242F8B}.Debug|Any CPU.Build.0 = Debug|Any CPU
		{233B188E-A9E7-415F-A803-B8361A242F8B}.Release|Any CPU.ActiveCfg = Release|Any CPU
		{233B188E-A9E7-415F-A803-B8361A242F8B}.Release|Any CPU.Build.0 = Release|Any CPU
		{85F4E549-713E-4B2E-8AC0-D5C40DE0FE65}.Debug|Any CPU.ActiveCfg = Debug|Any CPU
		{85F4E549-713E-4B2E-8AC0-D5C40DE0FE65}.Debug|Any CPU.Build.0 = Debug|Any CPU
		{85F4E549-713E-4B2E-8AC0-D5C40DE0FE65}.Release|Any CPU.ActiveCfg = Release|Any CPU
		{85F4E549-713E-4B2E-8AC0-D5C40DE0FE65}.Release|Any CPU.Build.0 = Release|Any CPU
	EndGlobalSection
	GlobalSection(SolutionProperties) = preSolution
		HideSolutionNode = FALSE
	EndGlobalSection
	GlobalSection(NestedProjects) = preSolution
		{C0C131A2-A998-45FB-91E0-104A0B68311C} = {6B0C1977-B6CA-4EFA-A774-36B03C44090F}
		{233B188E-A9E7-415F-A803-B8361A242F8B} = {6B0C1977-B6CA-4EFA-A774-36B03C44090F}
		{85F4E549-713E-4B2E-8AC0-D5C40DE0FE65} = {76FEE78B-7103-4D94-8A58-8712675667F2}
	EndGlobalSection
EndGlobal
