
Microsoft Visual Studio Solution File, Format Version 12.00
# Visual Studio 15
VisualStudioVersion = 15.0.27428.2043
MinimumVisualStudioVersion = 10.0.40219.1
Project("{FAE04EC0-301F-11D3-BF4B-00C04F79EFBC}") = "MicrosoftExtensionsConfigurationTest", "MicrosoftExtensionsConfigurationTest\MicrosoftExtensionsConfigurationTest.csproj", "{9A8A3A78-D38F-41B5-9AA1-77479EAFA347}"
EndProject
Global
	GlobalSection(SolutionConfigurationPlatforms) = preSolution
		Debug|Any CPU = Debug|Any CPU
		Release|Any CPU = Release|Any CPU
	EndGlobalSection
	GlobalSection(ProjectConfigurationPlatforms) = postSolution
		{9A8A3A78-D38F-41B5-9AA1-77479EAFA347}.Debug|Any CPU.ActiveCfg = Debug|Any CPU
		{9A8A3A78-D38F-41B5-9AA1-77479EAFA347}.Debug|Any CPU.Build.0 = Debug|Any CPU
		{9A8A3A78-D38F-41B5-9AA1-77479EAFA347}.Release|Any CPU.ActiveCfg = Release|Any CPU
		{9A8A3A78-D38F-41B5-9AA1-77479EAFA347}.Release|Any CPU.Build.0 = Release|Any CPU
	EndGlobalSection
	GlobalSection(SolutionProperties) = preSolution
		HideSolutionNode = FALSE
	EndGlobalSection
	GlobalSection(ExtensibilityGlobals) = postSolution
		SolutionGuid = {D74F71A5-0F63-4CD8-A6A8-EB8FC51B76E3}
	EndGlobalSection
EndGlobal
