
Microsoft Visual Studio Solution File, Format Version 12.00
# Visual Studio 14
VisualStudioVersion = 14.0.24720.0
MinimumVisualStudioVersion = 10.0.40219.1
Project("{FAE04EC0-301F-11D3-BF4B-00C04F79EFBC}") = "SuperSocketConApp", "SuperSocketConApp\SuperSocketConApp.csproj", "{02FB8CE0-CC4E-48A3-BAD6-38B22D72C699}"
EndProject
Project("{FAE04EC0-301F-11D3-BF4B-00C04F79EFBC}") = "Client", "Client\Client.csproj", "{F1E21FC5-14CA-4F75-A8C5-741230314AF8}"
EndProject
Global
	GlobalSection(SolutionConfigurationPlatforms) = preSolution
		Debug|Any CPU = Debug|Any CPU
		Release|Any CPU = Release|Any CPU
	EndGlobalSection
	GlobalSection(ProjectConfigurationPlatforms) = postSolution
		{02FB8CE0-CC4E-48A3-BAD6-38B22D72C699}.Debug|Any CPU.ActiveCfg = Debug|Any CPU
		{02FB8CE0-CC4E-48A3-BAD6-38B22D72C699}.Debug|Any CPU.Build.0 = Debug|Any CPU
		{02FB8CE0-CC4E-48A3-BAD6-38B22D72C699}.Release|Any CPU.ActiveCfg = Release|Any CPU
		{02FB8CE0-CC4E-48A3-BAD6-38B22D72C699}.Release|Any CPU.Build.0 = Release|Any CPU
		{F1E21FC5-14CA-4F75-A8C5-741230314AF8}.Debug|Any CPU.ActiveCfg = Debug|Any CPU
		{F1E21FC5-14CA-4F75-A8C5-741230314AF8}.Debug|Any CPU.Build.0 = Debug|Any CPU
		{F1E21FC5-14CA-4F75-A8C5-741230314AF8}.Release|Any CPU.ActiveCfg = Release|Any CPU
		{F1E21FC5-14CA-4F75-A8C5-741230314AF8}.Release|Any CPU.Build.0 = Release|Any CPU
	EndGlobalSection
	GlobalSection(SolutionProperties) = preSolution
		HideSolutionNode = FALSE
	EndGlobalSection
EndGlobal
